// !$*UTF8*$!
{
	archiveVersion = 1;
	classes = {
	};
	objectVersion = 55;
	objects = {

/* Begin PBXBuildFile section */
		D45F8F0328A34A4700C22F46 /* AppDelegate.swift in Sources */ = {isa = PBXBuildFile; fileRef = D45F8F0228A34A4700C22F46 /* AppDelegate.swift */; };
		D45F8F0528A34A4700C22F46 /* SceneDelegate.swift in Sources */ = {isa = PBXBuildFile; fileRef = D45F8F0428A34A4700C22F46 /* SceneDelegate.swift */; };
		D45F8F0728A34A4700C22F46 /* WeatherViewController.swift in Sources */ = {isa = PBXBuildFile; fileRef = D45F8F0628A34A4700C22F46 /* WeatherViewController.swift */; };
		D45F8F0A28A34A4700C22F46 /* Main.storyboard in Resources */ = {isa = PBXBuildFile; fileRef = D45F8F0828A34A4700C22F46 /* Main.storyboard */; };
		D45F8F0C28A34A4900C22F46 /* Assets.xcassets in Resources */ = {isa = PBXBuildFile; fileRef = D45F8F0B28A34A4900C22F46 /* Assets.xcassets */; };
		D45F8F0F28A34A4900C22F46 /* LaunchScreen.storyboard in Resources */ = {isa = PBXBuildFile; fileRef = D45F8F0D28A34A4900C22F46 /* LaunchScreen.storyboard */; };
		D4C7363328A412B500177CB6 /* WeatherManager.swift in Sources */ = {isa = PBXBuildFile; fileRef = D4C7363228A412B500177CB6 /* WeatherManager.swift */; };
		D4C7363528A4182F00177CB6 /* CurrentWeatherData.swift in Sources */ = {isa = PBXBuildFile; fileRef = D4C7363428A4182F00177CB6 /* CurrentWeatherData.swift */; };
/* End PBXBuildFile section */

/* Begin PBXFileReference section */
		D45F8EFF28A34A4700C22F46 /* Weather-Clone.app */ = {isa = PBXFileReference; explicitFileType = wrapper.application; includeInIndex = 0; path = "Weather-Clone.app"; sourceTree = BUILT_PRODUCTS_DIR; };
		D45F8F0228A34A4700C22F46 /* AppDelegate.swift */ = {isa = PBXFileReference; lastKnownFileType = sourcecode.swift; path = AppDelegate.swift; sourceTree = "<group>"; };
		D45F8F0428A34A4700C22F46 /* SceneDelegate.swift */ = {isa = PBXFileReference; lastKnownFileType = sourcecode.swift; path = SceneDelegate.swift; sourceTree = "<group>"; };
		D45F8F0628A34A4700C22F46 /* WeatherViewController.swift */ = {isa = PBXFileReference; lastKnownFileType = sourcecode.swift; path = WeatherViewController.swift; sourceTree = "<group>"; };
		D45F8F0928A34A4700C22F46 /* Base */ = {isa = PBXFileReference; lastKnownFileType = file.storyboard; name = Base; path = Base.lproj/Main.storyboard; sourceTree = "<group>"; };
		D45F8F0B28A34A4900C22F46 /* Assets.xcassets */ = {isa = PBXFileReference; lastKnownFileType = folder.assetcatalog; path = Assets.xcassets; sourceTree = "<group>"; };
		D45F8F0E28A34A4900C22F46 /* Base */ = {isa = PBXFileReference; lastKnownFileType = file.storyboard; name = Base; path = Base.lproj/LaunchScreen.storyboard; sourceTree = "<group>"; };
		D45F8F1028A34A4900C22F46 /* Info.plist */ = {isa = PBXFileReference; lastKnownFileType = text.plist.xml; path = Info.plist; sourceTree = "<group>"; };
		D4C7363228A412B500177CB6 /* WeatherManager.swift */ = {isa = PBXFileReference; lastKnownFileType = sourcecode.swift; path = WeatherManager.swift; sourceTree = "<group>"; };
		D4C7363428A4182F00177CB6 /* CurrentWeatherData.swift */ = {isa = PBXFileReference; lastKnownFileType = sourcecode.swift; path = CurrentWeatherData.swift; sourceTree = "<group>"; };
/* End PBXFileReference section */

/* Begin PBXFrameworksBuildPhase section */
		D45F8EFC28A34A4700C22F46 /* Frameworks */ = {
			isa = PBXFrameworksBuildPhase;
			buildActionMask = 2147483647;
			files = (
			);
			runOnlyForDeploymentPostprocessing = 0;
		};
/* End PBXFrameworksBuildPhase section */

/* Begin PBXGroup section */
		D45F8EF628A34A4700C22F46 = {
			isa = PBXGroup;
			children = (
				D45F8F0128A34A4700C22F46 /* Weather-Clone */,
				D45F8F0028A34A4700C22F46 /* Products */,
			);
			sourceTree = "<group>";
		};
		D45F8F0028A34A4700C22F46 /* Products */ = {
			isa = PBXGroup;
			children = (
				D45F8EFF28A34A4700C22F46 /* Weather-Clone.app */,
			);
			name = Products;
			sourceTree = "<group>";
		};
		D45F8F0128A34A4700C22F46 /* Weather-Clone */ = {
			isa = PBXGroup;
			children = (
				D45F8F1828A34B5700C22F46 /* Controller */,
				D45F8F1728A34B5000C22F46 /* View */,
				D45F8F1628A34B4900C22F46 /* Model */,
				D45F8F0228A34A4700C22F46 /* AppDelegate.swift */,
				D45F8F0428A34A4700C22F46 /* SceneDelegate.swift */,
				D45F8F0828A34A4700C22F46 /* Main.storyboard */,
				D45F8F0B28A34A4900C22F46 /* Assets.xcassets */,
				D45F8F0D28A34A4900C22F46 /* LaunchScreen.storyboard */,
				D45F8F1028A34A4900C22F46 /* Info.plist */,
			);
			path = "Weather-Clone";
			sourceTree = "<group>";
		};
		D45F8F1628A34B4900C22F46 /* Model */ = {
			isa = PBXGroup;
			children = (
				D4C7363228A412B500177CB6 /* WeatherManager.swift */,
				D4C7363428A4182F00177CB6 /* CurrentWeatherData.swift */,
			);
			path = Model;
			sourceTree = "<group>";
		};
		D45F8F1728A34B5000C22F46 /* View */ = {
			isa = PBXGroup;
			children = (
				D45F8F0628A34A4700C22F46 /* WeatherViewController.swift */,
			);
			path = View;
			sourceTree = "<group>";
		};
		D45F8F1828A34B5700C22F46 /* Controller */ = {
			isa = PBXGroup;
			children = (
			);
			path = Controller;
			sourceTree = "<group>";
		};
/* End PBXGroup section */

/* Begin PBXNativeTarget section */
		D45F8EFE28A34A4700C22F46 /* Weather-Clone */ = {
			isa = PBXNativeTarget;
			buildConfigurationList = D45F8F1328A34A4900C22F46 /* Build configuration list for PBXNativeTarget "Weather-Clone" */;
			buildPhases = (
				D45F8EFB28A34A4700C22F46 /* Sources */,
				D45F8EFC28A34A4700C22F46 /* Frameworks */,
				D45F8EFD28A34A4700C22F46 /* Resources */,
			);
			buildRules = (
			);
			dependencies = (
			);
			name = "Weather-Clone";
			productName = "Weather-Clone";
			productReference = D45F8EFF28A34A4700C22F46 /* Weather-Clone.app */;
			productType = "com.apple.product-type.application";
		};
/* End PBXNativeTarget section */

/* Begin PBXProject section */
		D45F8EF728A34A4700C22F46 /* Project object */ = {
			isa = PBXProject;
			attributes = {
				BuildIndependentTargetsInParallel = 1;
				LastSwiftUpdateCheck = 1340;
				LastUpgradeCheck = 1340;
				TargetAttributes = {
					D45F8EFE28A34A4700C22F46 = {
						CreatedOnToolsVersion = 13.4.1;
					};
				};
			};
			buildConfigurationList = D45F8EFA28A34A4700C22F46 /* Build configuration list for PBXProject "Weather-Clone" */;
			compatibilityVersion = "Xcode 13.0";
			developmentRegion = en;
			hasScannedForEncodings = 0;
			knownRegions = (
				en,
				Base,
			);
			mainGroup = D45F8EF628A34A4700C22F46;
			productRefGroup = D45F8F0028A34A4700C22F46 /* Products */;
			projectDirPath = "";
			projectRoot = "";
			targets = (
				D45F8EFE28A34A4700C22F46 /* Weather-Clone */,
			);
		};
/* End PBXProject section */

/* Begin PBXResourcesBuildPhase section */
		D45F8EFD28A34A4700C22F46 /* Resources */ = {
			isa = PBXResourcesBuildPhase;
			buildActionMask = 2147483647;
			files = (
				D45F8F0F28A34A4900C22F46 /* LaunchScreen.storyboard in Resources */,
				D45F8F0C28A34A4900C22F46 /* Assets.xcassets in Resources */,
				D45F8F0A28A34A4700C22F46 /* Main.storyboard in Resources */,
			);
			runOnlyForDeploymentPostprocessing = 0;
		};
/* End PBXResourcesBuildPhase section */

/* Begin PBXSourcesBuildPhase section */
		D45F8EFB28A34A4700C22F46 /* Sources */ = {
			isa = PBXSourcesBuildPhase;
			buildActionMask = 2147483647;
			files = (
				D45F8F0728A34A4700C22F46 /* WeatherViewController.swift in Sources */,
				D4C7363528A4182F00177CB6 /* CurrentWeatherData.swift in Sources */,
				D45F8F0328A34A4700C22F46 /* AppDelegate.swift in Sources */,
				D4C7363328A412B500177CB6 /* WeatherManager.swift in Sources */,
				D45F8F0528A34A4700C22F46 /* SceneDelegate.swift in Sources */,
			);
			runOnlyForDeploymentPostprocessing = 0;
		};
/* End PBXSourcesBuildPhase section */

/* Begin PBXVariantGroup section */
		D45F8F0828A34A4700C22F46 /* Main.storyboard */ = {
			isa = PBXVariantGroup;
			children = (
				D45F8F0928A34A4700C22F46 /* Base */,
			);
			name = Main.storyboard;
			sourceTree = "<group>";
		};
		D45F8F0D28A34A4900C22F46 /* LaunchScreen.storyboard */ = {
			isa = PBXVariantGroup;
			children = (
				D45F8F0E28A34A4900C22F46 /* Base */,
			);
			name = LaunchScreen.storyboard;
			sourceTree = "<group>";
		};
/* End PBXVariantGroup section */

/* Begin XCBuildConfiguration section */
		D45F8F1128A34A4900C22F46 /* Debug */ = {
			isa = XCBuildConfiguration;
			buildSettings = {
				ALWAYS_SEARCH_USER_PATHS = NO;
				CLANG_ANALYZER_NONNULL = YES;
				CLANG_ANALYZER_NUMBER_OBJECT_CONVERSION = YES_AGGRESSIVE;
				CLANG_CXX_LANGUAGE_STANDARD = "gnu++17";
				CLANG_ENABLE_MODULES = YES;
				CLANG_ENABLE_OBJC_ARC = YES;
				CLANG_ENABLE_OBJC_WEAK = YES;
				CLANG_WARN_BLOCK_CAPTURE_AUTORELEASING = YES;
				CLANG_WARN_BOOL_CONVERSION = YES;
				CLANG_WARN_COMMA = YES;
				CLANG_WARN_CONSTANT_CONVERSION = YES;
				CLANG_WARN_DEPRECATED_OBJC_IMPLEMENTATIONS = YES;
				CLANG_WARN_DIRECT_OBJC_ISA_USAGE = YES_ERROR;
				CLANG_WARN_DOCUMENTATION_COMMENTS = YES;
				CLANG_WARN_EMPTY_BODY = YES;
				CLANG_WARN_ENUM_CONVERSION = YES;
				CLANG_WARN_INFINITE_RECURSION = YES;
				CLANG_WARN_INT_CONVERSION = YES;
				CLANG_WARN_NON_LITERAL_NULL_CONVERSION = YES;
				CLANG_WARN_OBJC_IMPLICIT_RETAIN_SELF = YES;
				CLANG_WARN_OBJC_LITERAL_CONVERSION = YES;
				CLANG_WARN_OBJC_ROOT_CLASS = YES_ERROR;
				CLANG_WARN_QUOTED_INCLUDE_IN_FRAMEWORK_HEADER = YES;
				CLANG_WARN_RANGE_LOOP_ANALYSIS = YES;
				CLANG_WARN_STRICT_PROTOTYPES = YES;
				CLANG_WARN_SUSPICIOUS_MOVE = YES;
				CLANG_WARN_UNGUARDED_AVAILABILITY = YES_AGGRESSIVE;
				CLANG_WARN_UNREACHABLE_CODE = YES;
				CLANG_WARN__DUPLICATE_METHOD_MATCH = YES;
				COPY_PHASE_STRIP = NO;
				DEBUG_INFORMATION_FORMAT = dwarf;
				ENABLE_STRICT_OBJC_MSGSEND = YES;
				ENABLE_TESTABILITY = YES;
				GCC_C_LANGUAGE_STANDARD = gnu11;
				GCC_DYNAMIC_NO_PIC = NO;
				GCC_NO_COMMON_BLOCKS = YES;
				GCC_OPTIMIZATION_LEVEL = 0;
				GCC_PREPROCESSOR_DEFINITIONS = (
					"DEBUG=1",
					"$(inherited)",
				);
				GCC_WARN_64_TO_32_BIT_CONVERSION = YES;
				GCC_WARN_ABOUT_RETURN_TYPE = YES_ERROR;
				GCC_WARN_UNDECLARED_SELECTOR = YES;
				GCC_WARN_UNINITIALIZED_AUTOS = YES_AGGRESSIVE;
				GCC_WARN_UNUSED_FUNCTION = YES;
				GCC_WARN_UNUSED_VARIABLE = YES;
				IPHONEOS_DEPLOYMENT_TARGET = 15.5;
				MTL_ENABLE_DEBUG_INFO = INCLUDE_SOURCE;
				MTL_FAST_MATH = YES;
				ONLY_ACTIVE_ARCH = YES;
				SDKROOT = iphoneos;
				SWIFT_ACTIVE_COMPILATION_CONDITIONS = DEBUG;
				SWIFT_OPTIMIZATION_LEVEL = "-Onone";
			};
			name = Debug;
		};
		D45F8F1228A34A4900C22F46 /* Release */ = {
			isa = XCBuildConfiguration;
			buildSettings = {
				ALWAYS_SEARCH_USER_PATHS = NO;
				CLANG_ANALYZER_NONNULL = YES;
				CLANG_ANALYZER_NUMBER_OBJECT_CONVERSION = YES_AGGRESSIVE;
				CLANG_CXX_LANGUAGE_STANDARD = "gnu++17";
				CLANG_ENABLE_MODULES = YES;
				CLANG_ENABLE_OBJC_ARC = YES;
				CLANG_ENABLE_OBJC_WEAK = YES;
				CLANG_WARN_BLOCK_CAPTURE_AUTORELEASING = YES;
				CLANG_WARN_BOOL_CONVERSION = YES;
				CLANG_WARN_COMMA = YES;
				CLANG_WARN_CONSTANT_CONVERSION = YES;
				CLANG_WARN_DEPRECATED_OBJC_IMPLEMENTATIONS = YES;
				CLANG_WARN_DIRECT_OBJC_ISA_USAGE = YES_ERROR;
				CLANG_WARN_DOCUMENTATION_COMMENTS = YES;
				CLANG_WARN_EMPTY_BODY = YES;
				CLANG_WARN_ENUM_CONVERSION = YES;
				CLANG_WARN_INFINITE_RECURSION = YES;
				CLANG_WARN_INT_CONVERSION = YES;
				CLANG_WARN_NON_LITERAL_NULL_CONVERSION = YES;
				CLANG_WARN_OBJC_IMPLICIT_RETAIN_SELF = YES;
				CLANG_WARN_OBJC_LITERAL_CONVERSION = YES;
				CLANG_WARN_OBJC_ROOT_CLASS = YES_ERROR;
				CLANG_WARN_QUOTED_INCLUDE_IN_FRAMEWORK_HEADER = YES;
				CLANG_WARN_RANGE_LOOP_ANALYSIS = YES;
				CLANG_WARN_STRICT_PROTOTYPES = YES;
				CLANG_WARN_SUSPICIOUS_MOVE = YES;
				CLANG_WARN_UNGUARDED_AVAILABILITY = YES_AGGRESSIVE;
				CLANG_WARN_UNREACHABLE_CODE = YES;
				CLANG_WARN__DUPLICATE_METHOD_MATCH = YES;
				COPY_PHASE_STRIP = NO;
				DEBUG_INFORMATION_FORMAT = "dwarf-with-dsym";
				ENABLE_NS_ASSERTIONS = NO;
				ENABLE_STRICT_OBJC_MSGSEND = YES;
				GCC_C_LANGUAGE_STANDARD = gnu11;
				GCC_NO_COMMON_BLOCKS = YES;
				GCC_WARN_64_TO_32_BIT_CONVERSION = YES;
				GCC_WARN_ABOUT_RETURN_TYPE = YES_ERROR;
				GCC_WARN_UNDECLARED_SELECTOR = YES;
				GCC_WARN_UNINITIALIZED_AUTOS = YES_AGGRESSIVE;
				GCC_WARN_UNUSED_FUNCTION = YES;
				GCC_WARN_UNUSED_VARIABLE = YES;
				IPHONEOS_DEPLOYMENT_TARGET = 15.5;
				MTL_ENABLE_DEBUG_INFO = NO;
				MTL_FAST_MATH = YES;
				SDKROOT = iphoneos;
				SWIFT_COMPILATION_MODE = wholemodule;
				SWIFT_OPTIMIZATION_LEVEL = "-O";
				VALIDATE_PRODUCT = YES;
			};
			name = Release;
		};
		D45F8F1428A34A4900C22F46 /* Debug */ = {
			isa = XCBuildConfiguration;
			buildSettings = {
				ASSETCATALOG_COMPILER_APPICON_NAME = AppIcon;
				ASSETCATALOG_COMPILER_GLOBAL_ACCENT_COLOR_NAME = AccentColor;
				CODE_SIGN_STYLE = Automatic;
				CURRENT_PROJECT_VERSION = 1;
				DEVELOPMENT_TEAM = P26Y788YHS;
				GENERATE_INFOPLIST_FILE = YES;
				INFOPLIST_FILE = "Weather-Clone/Info.plist";
				INFOPLIST_KEY_UIApplicationSupportsIndirectInputEvents = YES;
				INFOPLIST_KEY_UILaunchStoryboardName = LaunchScreen;
				INFOPLIST_KEY_UIMainStoryboardFile = Main;
				INFOPLIST_KEY_UISupportedInterfaceOrientations = UIInterfaceOrientationPortrait;
				INFOPLIST_KEY_UISupportedInterfaceOrientations_iPad = "UIInterfaceOrientationPortrait UIInterfaceOrientationPortraitUpsideDown UIInterfaceOrientationLandscapeLeft UIInterfaceOrientationLandscapeRight";
				INFOPLIST_KEY_UISupportedInterfaceOrientations_iPhone = "UIInterfaceOrientationPortrait UIInterfaceOrientationLandscapeLeft UIInterfaceOrientationLandscapeRight";
				LD_RUNPATH_SEARCH_PATHS = (
					"$(inherited)",
					"@executable_path/Frameworks",
				);
				MARKETING_VERSION = 1.0;
				PRODUCT_BUNDLE_IDENTIFIER = "com.fullicoded.Weather-Clone";
				PRODUCT_NAME = "$(TARGET_NAME)";
				SWIFT_EMIT_LOC_STRINGS = YES;
				SWIFT_VERSION = 5.0;
				TARGETED_DEVICE_FAMILY = "1,2";
			};
			name = Debug;
		};
		D45F8F1528A34A4900C22F46 /* Release */ = {
			isa = XCBuildConfiguration;
			buildSettings = {
				ASSETCATALOG_COMPILER_APPICON_NAME = AppIcon;
				ASSETCATALOG_COMPILER_GLOBAL_ACCENT_COLOR_NAME = AccentColor;
				CODE_SIGN_STYLE = Automatic;
				CURRENT_PROJECT_VERSION = 1;
				DEVELOPMENT_TEAM = P26Y788YHS;
				GENERATE_INFOPLIST_FILE = YES;
				INFOPLIST_FILE = "Weather-Clone/Info.plist";
				INFOPLIST_KEY_UIApplicationSupportsIndirectInputEvents = YES;
				INFOPLIST_KEY_UILaunchStoryboardName = LaunchScreen;
				INFOPLIST_KEY_UIMainStoryboardFile = Main;
				INFOPLIST_KEY_UISupportedInterfaceOrientations = UIInterfaceOrientationPortrait;
				INFOPLIST_KEY_UISupportedInterfaceOrientations_iPad = "UIInterfaceOrientationPortrait UIInterfaceOrientationPortraitUpsideDown UIInterfaceOrientationLandscapeLeft UIInterfaceOrientationLandscapeRight";
				INFOPLIST_KEY_UISupportedInterfaceOrientations_iPhone = "UIInterfaceOrientationPortrait UIInterfaceOrientationLandscapeLeft UIInterfaceOrientationLandscapeRight";
				LD_RUNPATH_SEARCH_PATHS = (
					"$(inherited)",
					"@executable_path/Frameworks",
				);
				MARKETING_VERSION = 1.0;
				PRODUCT_BUNDLE_IDENTIFIER = "com.fullicoded.Weather-Clone";
				PRODUCT_NAME = "$(TARGET_NAME)";
				SWIFT_EMIT_LOC_STRINGS = YES;
				SWIFT_VERSION = 5.0;
				TARGETED_DEVICE_FAMILY = "1,2";
			};
			name = Release;
		};
/* End XCBuildConfiguration section */

/* Begin XCConfigurationList section */
		D45F8EFA28A34A4700C22F46 /* Build configuration list for PBXProject "Weather-Clone" */ = {
			isa = XCConfigurationList;
			buildConfigurations = (
				D45F8F1128A34A4900C22F46 /* Debug */,
				D45F8F1228A34A4900C22F46 /* Release */,
			);
			defaultConfigurationIsVisible = 0;
			defaultConfigurationName = Release;
		};
		D45F8F1328A34A4900C22F46 /* Build configuration list for PBXNativeTarget "Weather-Clone" */ = {
			isa = XCConfigurationList;
			buildConfigurations = (
				D45F8F1428A34A4900C22F46 /* Debug */,
				D45F8F1528A34A4900C22F46 /* Release */,
			);
			defaultConfigurationIsVisible = 0;
			defaultConfigurationName = Release;
		};
/* End XCConfigurationList section */
	};
	rootObject = D45F8EF728A34A4700C22F46 /* Project object */;
}
